# This file is automatically @generated by Cargo.
# It is not intended for manual editing.
[[package]]
name = "advent"
version = "0.1.0"
dependencies = [
 "fuel 0.1.0",
 "intcode 0.1.0",
 "password 0.1.0",
 "vector 0.1.0",
]

[[package]]
name = "digits"
version = "0.1.0"

[[package]]
name = "fuel"
version = "0.1.0"
dependencies = [
 "vector 0.1.0",
]

[[package]]
name = "intcode"
version = "0.1.0"
dependencies = [
 "digits 0.1.0",
 "simpleuserinput 0.1.0",
]

[[package]]
name = "orbitmapper"
version = "0.1.0"

[[package]]
name = "password"
version = "0.1.0"
dependencies = [
 "digits 0.1.0",
]

[[package]]
name = "simpleuserinput"
version = "0.1.0"

[[package]]
name = "vector"
version = "0.1.0"

